
Microsoft Visual Studio Solution File, Format Version 12.00
# Visual Studio Version 16
VisualStudioVersion = 16.0.31424.327
MinimumVisualStudioVersion = 10.0.40219.1
Project("{FAE04EC0-301F-11D3-BF4B-00C04F79EFBC}") = "BinDaysApi", "BinDaysApi\BinDaysApi.csproj", "{ED517C35-F593-4DE8-A738-21E6291145C7}"
EndProject
Global
	GlobalSection(SolutionConfigurationPlatforms) = preSolution
		Debug|Any CPU = Debug|Any CPU
		Release|Any CPU = Release|Any CPU
	EndGlobalSection
	GlobalSection(ProjectConfigurationPlatforms) = postSolution
		{ED517C35-F593-4DE8-A738-21E6291145C7}.Debug|Any CPU.ActiveCfg = Debug|Any CPU
		{ED517C35-F593-4DE8-A738-21E6291145C7}.Debug|Any CPU.Build.0 = Debug|Any CPU
		{ED517C35-F593-4DE8-A738-21E6291145C7}.Release|Any CPU.ActiveCfg = Release|Any CPU
		{ED517C35-F593-4DE8-A738-21E6291145C7}.Release|Any CPU.Build.0 = Release|Any CPU
	EndGlobalSection
	GlobalSection(SolutionProperties) = preSolution
		HideSolutionNode = FALSE
	EndGlobalSection
	GlobalSection(ExtensibilityGlobals) = postSolution
		SolutionGuid = {6D522EF8-979F-40BA-A2EA-F7717E1700B1}
	EndGlobalSection
EndGlobal
